# This file is automatically @generated by Cargo.
# It is not intended for manual editing.
version = 3

[[package]]
name = "rust"
version = "0.1.0"
dependencies = [
 "webgraph",
]

[[package]]
name = "webgraph"
version = "0.1.0"
source = "registry+https://github.com/rust-lang/crates.io-index"
checksum = "806b11c214dc6e6dbd556b08b5aaca9078f8934bb0c3828a52d3f0d3d420d361"
